{
  "name": "essex_ocs",
  "requires": true,
  "lockfileVersion": 1,
  "dependencies": {
    "govuk-frontend": {
      "version": "2.4.1",
      "resolved": "https://registry.npmjs.org/govuk-frontend/-/govuk-frontend-2.4.1.tgz",
      "integrity": "sha512-6cqX9YxypQfE7gfuexqSll3EAQLW2MDgL2w8LUEnmfW36cadUktZHjzyusOY/ggJxDAiiyEcC+9R8Oj57g90mw=="
    }
  }
}
